
Microsoft Visual Studio Solution File, Format Version 12.00
# Visual Studio Version 17
VisualStudioVersion = 17.0.32126.317
MinimumVisualStudioVersion = 10.0.40219.1
Project("{9A19103F-16F7-4668-BE54-9A1E7A4F7556}") = "Wallet-solution", "Wallet-solution\Wallet-solution.csproj", "{BA8197DB-BF71-4D54-828E-750AB97DA54E}"
EndProject
Project("{FAE04EC0-301F-11D3-BF4B-00C04F79EFBC}") = "Wallets.Tests", "Wallets.Tests\Wallets.Tests.csproj", "{1E785794-A33B-4150-9AA8-7DA5DD0C899C}"
EndProject
Global
	GlobalSection(SolutionConfigurationPlatforms) = preSolution
		Debug|Any CPU = Debug|Any CPU
		Release|Any CPU = Release|Any CPU
	EndGlobalSection
	GlobalSection(ProjectConfigurationPlatforms) = postSolution
		{BA8197DB-BF71-4D54-828E-750AB97DA54E}.Debug|Any CPU.ActiveCfg = Debug|Any CPU
		{BA8197DB-BF71-4D54-828E-750AB97DA54E}.Debug|Any CPU.Build.0 = Debug|Any CPU
		{BA8197DB-BF71-4D54-828E-750AB97DA54E}.Release|Any CPU.ActiveCfg = Release|Any CPU
		{BA8197DB-BF71-4D54-828E-750AB97DA54E}.Release|Any CPU.Build.0 = Release|Any CPU
		{1E785794-A33B-4150-9AA8-7DA5DD0C899C}.Debug|Any CPU.ActiveCfg = Debug|Any CPU
		{1E785794-A33B-4150-9AA8-7DA5DD0C899C}.Debug|Any CPU.Build.0 = Debug|Any CPU
		{1E785794-A33B-4150-9AA8-7DA5DD0C899C}.Release|Any CPU.ActiveCfg = Release|Any CPU
		{1E785794-A33B-4150-9AA8-7DA5DD0C899C}.Release|Any CPU.Build.0 = Release|Any CPU
	EndGlobalSection
	GlobalSection(SolutionProperties) = preSolution
		HideSolutionNode = FALSE
	EndGlobalSection
	GlobalSection(ExtensibilityGlobals) = postSolution
		SolutionGuid = {A7F44594-D63F-4FC1-B76F-345A83413692}
	EndGlobalSection
EndGlobal
